
Microsoft Visual Studio Solution File, Format Version 12.00
# Visual Studio Version 16
VisualStudioVersion = 16.0.32126.315
MinimumVisualStudioVersion = 10.0.40219.1
Project("{FAE04EC0-301F-11D3-BF4B-00C04F79EFBC}") = "Lesson_1", "Lesson_1\Lesson_1.csproj", "{2557CEDE-DDB6-47CA-85D0-C9067CD49D9B}"
EndProject
Global
	GlobalSection(SolutionConfigurationPlatforms) = preSolution
		Debug|Any CPU = Debug|Any CPU
		Release|Any CPU = Release|Any CPU
	EndGlobalSection
	GlobalSection(ProjectConfigurationPlatforms) = postSolution
		{2557CEDE-DDB6-47CA-85D0-C9067CD49D9B}.Debug|Any CPU.ActiveCfg = Debug|Any CPU
		{2557CEDE-DDB6-47CA-85D0-C9067CD49D9B}.Debug|Any CPU.Build.0 = Debug|Any CPU
		{2557CEDE-DDB6-47CA-85D0-C9067CD49D9B}.Release|Any CPU.ActiveCfg = Release|Any CPU
		{2557CEDE-DDB6-47CA-85D0-C9067CD49D9B}.Release|Any CPU.Build.0 = Release|Any CPU
	EndGlobalSection
	GlobalSection(SolutionProperties) = preSolution
		HideSolutionNode = FALSE
	EndGlobalSection
	GlobalSection(ExtensibilityGlobals) = postSolution
		SolutionGuid = {E0F77388-1888-4CE1-A830-74FE29BBAE41}
	EndGlobalSection
EndGlobal
